
Microsoft Visual Studio Solution File, Format Version 12.00
# Visual Studio Version 17
VisualStudioVersion = 17.8.34525.116
MinimumVisualStudioVersion = 10.0.40219.1
Project("{FAE04EC0-301F-11D3-BF4B-00C04F79EFBC}") = "MyApi", "MyApi\MyApi.csproj", "{CAE632DA-93A1-4157-80C3-23566BFC2871}"
EndProject
Global
	GlobalSection(SolutionConfigurationPlatforms) = preSolution
		Debug|Any CPU = Debug|Any CPU
		Release|Any CPU = Release|Any CPU
	EndGlobalSection
	GlobalSection(ProjectConfigurationPlatforms) = postSolution
		{CAE632DA-93A1-4157-80C3-23566BFC2871}.Debug|Any CPU.ActiveCfg = Debug|Any CPU
		{CAE632DA-93A1-4157-80C3-23566BFC2871}.Debug|Any CPU.Build.0 = Debug|Any CPU
		{CAE632DA-93A1-4157-80C3-23566BFC2871}.Release|Any CPU.ActiveCfg = Release|Any CPU
		{CAE632DA-93A1-4157-80C3-23566BFC2871}.Release|Any CPU.Build.0 = Release|Any CPU
	EndGlobalSection
	GlobalSection(SolutionProperties) = preSolution
		HideSolutionNode = FALSE
	EndGlobalSection
	GlobalSection(ExtensibilityGlobals) = postSolution
		SolutionGuid = {AD6072F1-A182-4CDD-A5A5-E1F90AA5419C}
	EndGlobalSection
EndGlobal
